
Microsoft Visual Studio Solution File, Format Version 12.00
# Visual Studio Version 16
VisualStudioVersion = 16.0.30011.22
MinimumVisualStudioVersion = 10.0.40219.1
Project("{FAE04EC0-301F-11D3-BF4B-00C04F79EFBC}") = "CSV", "CSV\CSV.csproj", "{264B9BBD-51A2-4370-986A-5780745E671E}"
EndProject
Project("{FAE04EC0-301F-11D3-BF4B-00C04F79EFBC}") = "InsertionSort", "InsertionShort\InsertionSort.csproj", "{8320436D-0F73-4951-B59C-F6E1D371CD1E}"
EndProject
Project("{FAE04EC0-301F-11D3-BF4B-00C04F79EFBC}") = "ShellSort", "ShellSort\ShellSort.csproj", "{9CEC6453-F083-4F84-9020-F936FFE9D4C0}"
EndProject
Project("{FAE04EC0-301F-11D3-BF4B-00C04F79EFBC}") = "BinarySearch", "BinarySearch\BinarySearch.csproj", "{65FDBB1E-527B-499F-B38C-98F4AD1F2C8F}"
EndProject
Project("{FAE04EC0-301F-11D3-BF4B-00C04F79EFBC}") = "LinearSearch", "LinearSearch\LinearSearch.csproj", "{400114EA-993D-4808-8262-58965C8BFA44}"
EndProject
Global
	GlobalSection(SolutionConfigurationPlatforms) = preSolution
		Debug|Any CPU = Debug|Any CPU
		Release|Any CPU = Release|Any CPU
	EndGlobalSection
	GlobalSection(ProjectConfigurationPlatforms) = postSolution
		{264B9BBD-51A2-4370-986A-5780745E671E}.Debug|Any CPU.ActiveCfg = Debug|Any CPU
		{264B9BBD-51A2-4370-986A-5780745E671E}.Debug|Any CPU.Build.0 = Debug|Any CPU
		{264B9BBD-51A2-4370-986A-5780745E671E}.Release|Any CPU.ActiveCfg = Release|Any CPU
		{264B9BBD-51A2-4370-986A-5780745E671E}.Release|Any CPU.Build.0 = Release|Any CPU
		{8320436D-0F73-4951-B59C-F6E1D371CD1E}.Debug|Any CPU.ActiveCfg = Debug|Any CPU
		{8320436D-0F73-4951-B59C-F6E1D371CD1E}.Debug|Any CPU.Build.0 = Debug|Any CPU
		{8320436D-0F73-4951-B59C-F6E1D371CD1E}.Release|Any CPU.ActiveCfg = Release|Any CPU
		{8320436D-0F73-4951-B59C-F6E1D371CD1E}.Release|Any CPU.Build.0 = Release|Any CPU
		{9CEC6453-F083-4F84-9020-F936FFE9D4C0}.Debug|Any CPU.ActiveCfg = Debug|Any CPU
		{9CEC6453-F083-4F84-9020-F936FFE9D4C0}.Debug|Any CPU.Build.0 = Debug|Any CPU
		{9CEC6453-F083-4F84-9020-F936FFE9D4C0}.Release|Any CPU.ActiveCfg = Release|Any CPU
		{9CEC6453-F083-4F84-9020-F936FFE9D4C0}.Release|Any CPU.Build.0 = Release|Any CPU
		{65FDBB1E-527B-499F-B38C-98F4AD1F2C8F}.Debug|Any CPU.ActiveCfg = Debug|Any CPU
		{65FDBB1E-527B-499F-B38C-98F4AD1F2C8F}.Debug|Any CPU.Build.0 = Debug|Any CPU
		{65FDBB1E-527B-499F-B38C-98F4AD1F2C8F}.Release|Any CPU.ActiveCfg = Release|Any CPU
		{65FDBB1E-527B-499F-B38C-98F4AD1F2C8F}.Release|Any CPU.Build.0 = Release|Any CPU
		{400114EA-993D-4808-8262-58965C8BFA44}.Debug|Any CPU.ActiveCfg = Debug|Any CPU
		{400114EA-993D-4808-8262-58965C8BFA44}.Debug|Any CPU.Build.0 = Debug|Any CPU
		{400114EA-993D-4808-8262-58965C8BFA44}.Release|Any CPU.ActiveCfg = Release|Any CPU
		{400114EA-993D-4808-8262-58965C8BFA44}.Release|Any CPU.Build.0 = Release|Any CPU
	EndGlobalSection
	GlobalSection(SolutionProperties) = preSolution
		HideSolutionNode = FALSE
	EndGlobalSection
	GlobalSection(ExtensibilityGlobals) = postSolution
		SolutionGuid = {68470C48-510A-4FC6-8DBE-6DAB01696F89}
	EndGlobalSection
EndGlobal
